// !$*UTF8*$!
{
	archiveVersion = 1;
	classes = {
	};
	objectVersion = 46;
	objects = {

/* Begin PBXBuildFile section */
		C5F73F181EF810FA25D3A5BF /* Pods_Fort_Knox_BalanceUITests.framework in Frameworks */ = {isa = PBXBuildFile; fileRef = ACC51145E38D7F4DB4B284F6 /* Pods_Fort_Knox_BalanceUITests.framework */; };
		CB3B5DAE1F823640009F2EAF /* AppDelegate.swift in Sources */ = {isa = PBXBuildFile; fileRef = CB3B5DAD1F823640009F2EAF /* AppDelegate.swift */; };
		CB3B5DB01F823640009F2EAF /* HomeViewController.swift in Sources */ = {isa = PBXBuildFile; fileRef = CB3B5DAF1F823640009F2EAF /* HomeViewController.swift */; };
		CB3B5DB31F823641009F2EAF /* Main.storyboard in Resources */ = {isa = PBXBuildFile; fileRef = CB3B5DB11F823641009F2EAF /* Main.storyboard */; };
		CB3B5DB51F823641009F2EAF /* Assets.xcassets in Resources */ = {isa = PBXBuildFile; fileRef = CB3B5DB41F823641009F2EAF /* Assets.xcassets */; };
		CB3B5DB81F823641009F2EAF /* LaunchScreen.storyboard in Resources */ = {isa = PBXBuildFile; fileRef = CB3B5DB61F823641009F2EAF /* LaunchScreen.storyboard */; };
		CB3B5DC31F823641009F2EAF /* Fort_Knox_BalanceTests.swift in Sources */ = {isa = PBXBuildFile; fileRef = CB3B5DC21F823641009F2EAF /* Fort_Knox_BalanceTests.swift */; };
		CB3B5DCE1F823641009F2EAF /* Fort_Knox_BalanceUITests.swift in Sources */ = {isa = PBXBuildFile; fileRef = CB3B5DCD1F823641009F2EAF /* Fort_Knox_BalanceUITests.swift */; };
		CBF55DA51F82563A00D08915 /* Localizable.strings in Resources */ = {isa = PBXBuildFile; fileRef = CBF55DA71F82563A00D08915 /* Localizable.strings */; };
		CBF55DAB1F82579B00D08915 /* Info.plist in Resources */ = {isa = PBXBuildFile; fileRef = CBF55DAA1F82579B00D08915 /* Info.plist */; };
		CBF55DAE1F8257AB00D08915 /* 2016-treasury_1.json in Resources */ = {isa = PBXBuildFile; fileRef = CBF55DAC1F8257AB00D08915 /* 2016-treasury_1.json */; };
		CBF55DAF1F8257AB00D08915 /* 2017-treasury.json in Resources */ = {isa = PBXBuildFile; fileRef = CBF55DAD1F8257AB00D08915 /* 2017-treasury.json */; };
		D39C9F1F0AE6BDCBCED9E6A2 /* Pods_Fort_Knox_BalanceTests.framework in Frameworks */ = {isa = PBXBuildFile; fileRef = 5E959167E64545BD72C07447 /* Pods_Fort_Knox_BalanceTests.framework */; };
		F0A033163EC055E46F1A313F /* Pods_Fort_Knox_Balance.framework in Frameworks */ = {isa = PBXBuildFile; fileRef = AD8C2FDC3B1BEE6633694B92 /* Pods_Fort_Knox_Balance.framework */; };
/* End PBXBuildFile section */

/* Begin PBXContainerItemProxy section */
		CB3B5DBF1F823641009F2EAF /* PBXContainerItemProxy */ = {
			isa = PBXContainerItemProxy;
			containerPortal = CB3B5DA21F823640009F2EAF /* Project object */;
			proxyType = 1;
			remoteGlobalIDString = CB3B5DA91F823640009F2EAF;
			remoteInfo = "Fort Knox Balance";
		};
		CB3B5DCA1F823641009F2EAF /* PBXContainerItemProxy */ = {
			isa = PBXContainerItemProxy;
			containerPortal = CB3B5DA21F823640009F2EAF /* Project object */;
			proxyType = 1;
			remoteGlobalIDString = CB3B5DA91F823640009F2EAF;
			remoteInfo = "Fort Knox Balance";
		};
/* End PBXContainerItemProxy section */

/* Begin PBXFileReference section */
		0C67B830913BCFB1C36DB1FA /* Pods-Fort Knox Balance.release.xcconfig */ = {isa = PBXFileReference; includeInIndex = 1; lastKnownFileType = text.xcconfig; name = "Pods-Fort Knox Balance.release.xcconfig"; path = "Pods/Target Support Files/Pods-Fort Knox Balance/Pods-Fort Knox Balance.release.xcconfig"; sourceTree = "<group>"; };
		2D883BF52E00999336CDDE35 /* Pods-Fort Knox Balance.debug.xcconfig */ = {isa = PBXFileReference; includeInIndex = 1; lastKnownFileType = text.xcconfig; name = "Pods-Fort Knox Balance.debug.xcconfig"; path = "Pods/Target Support Files/Pods-Fort Knox Balance/Pods-Fort Knox Balance.debug.xcconfig"; sourceTree = "<group>"; };
		39A8B6A53CC188B43DB1AB28 /* Pods-Fort Knox BalanceTests.debug.xcconfig */ = {isa = PBXFileReference; includeInIndex = 1; lastKnownFileType = text.xcconfig; name = "Pods-Fort Knox BalanceTests.debug.xcconfig"; path = "Pods/Target Support Files/Pods-Fort Knox BalanceTests/Pods-Fort Knox BalanceTests.debug.xcconfig"; sourceTree = "<group>"; };
		5E959167E64545BD72C07447 /* Pods_Fort_Knox_BalanceTests.framework */ = {isa = PBXFileReference; explicitFileType = wrapper.framework; includeInIndex = 0; path = Pods_Fort_Knox_BalanceTests.framework; sourceTree = BUILT_PRODUCTS_DIR; };
		6D26705350350C1D8372B052 /* Pods-Fort Knox BalanceUITests.release.xcconfig */ = {isa = PBXFileReference; includeInIndex = 1; lastKnownFileType = text.xcconfig; name = "Pods-Fort Knox BalanceUITests.release.xcconfig"; path = "Pods/Target Support Files/Pods-Fort Knox BalanceUITests/Pods-Fort Knox BalanceUITests.release.xcconfig"; sourceTree = "<group>"; };
		6D98BB9B66F7A06E88216D9D /* Pods-Fort Knox BalanceTests.release.xcconfig */ = {isa = PBXFileReference; includeInIndex = 1; lastKnownFileType = text.xcconfig; name = "Pods-Fort Knox BalanceTests.release.xcconfig"; path = "Pods/Target Support Files/Pods-Fort Knox BalanceTests/Pods-Fort Knox BalanceTests.release.xcconfig"; sourceTree = "<group>"; };
		A62219E171FEC0BBE806C038 /* Pods-Fort Knox BalanceUITests.debug.xcconfig */ = {isa = PBXFileReference; includeInIndex = 1; lastKnownFileType = text.xcconfig; name = "Pods-Fort Knox BalanceUITests.debug.xcconfig"; path = "Pods/Target Support Files/Pods-Fort Knox BalanceUITests/Pods-Fort Knox BalanceUITests.debug.xcconfig"; sourceTree = "<group>"; };
		ACC51145E38D7F4DB4B284F6 /* Pods_Fort_Knox_BalanceUITests.framework */ = {isa = PBXFileReference; explicitFileType = wrapper.framework; includeInIndex = 0; path = Pods_Fort_Knox_BalanceUITests.framework; sourceTree = BUILT_PRODUCTS_DIR; };
		AD8C2FDC3B1BEE6633694B92 /* Pods_Fort_Knox_Balance.framework */ = {isa = PBXFileReference; explicitFileType = wrapper.framework; includeInIndex = 0; path = Pods_Fort_Knox_Balance.framework; sourceTree = BUILT_PRODUCTS_DIR; };
		CB3B5DAA1F823640009F2EAF /* Fort Knox Balance.app */ = {isa = PBXFileReference; explicitFileType = wrapper.application; includeInIndex = 0; path = "Fort Knox Balance.app"; sourceTree = BUILT_PRODUCTS_DIR; };
		CB3B5DAD1F823640009F2EAF /* AppDelegate.swift */ = {isa = PBXFileReference; lastKnownFileType = sourcecode.swift; path = AppDelegate.swift; sourceTree = "<group>"; };
		CB3B5DAF1F823640009F2EAF /* HomeViewController.swift */ = {isa = PBXFileReference; lastKnownFileType = sourcecode.swift; path = HomeViewController.swift; sourceTree = "<group>"; };
		CB3B5DB21F823641009F2EAF /* Base */ = {isa = PBXFileReference; lastKnownFileType = file.storyboard; name = Base; path = Base.lproj/Main.storyboard; sourceTree = "<group>"; };
		CB3B5DB41F823641009F2EAF /* Assets.xcassets */ = {isa = PBXFileReference; lastKnownFileType = folder.assetcatalog; path = Assets.xcassets; sourceTree = "<group>"; };
		CB3B5DB71F823641009F2EAF /* Base */ = {isa = PBXFileReference; lastKnownFileType = file.storyboard; name = Base; path = Base.lproj/LaunchScreen.storyboard; sourceTree = "<group>"; };
		CB3B5DBE1F823641009F2EAF /* Fort Knox BalanceTests.xctest */ = {isa = PBXFileReference; explicitFileType = wrapper.cfbundle; includeInIndex = 0; path = "Fort Knox BalanceTests.xctest"; sourceTree = BUILT_PRODUCTS_DIR; };
		CB3B5DC21F823641009F2EAF /* Fort_Knox_BalanceTests.swift */ = {isa = PBXFileReference; lastKnownFileType = sourcecode.swift; path = Fort_Knox_BalanceTests.swift; sourceTree = "<group>"; };
		CB3B5DC41F823641009F2EAF /* Info.plist */ = {isa = PBXFileReference; lastKnownFileType = text.plist.xml; path = Info.plist; sourceTree = "<group>"; };
		CB3B5DC91F823641009F2EAF /* Fort Knox BalanceUITests.xctest */ = {isa = PBXFileReference; explicitFileType = wrapper.cfbundle; includeInIndex = 0; path = "Fort Knox BalanceUITests.xctest"; sourceTree = BUILT_PRODUCTS_DIR; };
		CB3B5DCD1F823641009F2EAF /* Fort_Knox_BalanceUITests.swift */ = {isa = PBXFileReference; lastKnownFileType = sourcecode.swift; path = Fort_Knox_BalanceUITests.swift; sourceTree = "<group>"; };
		CB3B5DCF1F823641009F2EAF /* Info.plist */ = {isa = PBXFileReference; lastKnownFileType = text.plist.xml; path = Info.plist; sourceTree = "<group>"; };
		CBF55DA61F82563A00D08915 /* en */ = {isa = PBXFileReference; lastKnownFileType = text.plist.strings; name = en; path = en.lproj/Localizable.strings; sourceTree = "<group>"; };
		CBF55DA81F82566A00D08915 /* es */ = {isa = PBXFileReference; lastKnownFileType = text.plist.strings; name = es; path = es.lproj/Localizable.strings; sourceTree = "<group>"; };
		CBF55DAA1F82579B00D08915 /* Info.plist */ = {isa = PBXFileReference; fileEncoding = 4; lastKnownFileType = text.plist.xml; name = Info.plist; path = "Supporting Files/Info.plist"; sourceTree = "<group>"; };
		CBF55DAC1F8257AB00D08915 /* 2016-treasury_1.json */ = {isa = PBXFileReference; fileEncoding = 4; lastKnownFileType = text.json; name = "2016-treasury_1.json"; path = "Supporting Files/JSON/2016-treasury_1.json"; sourceTree = "<group>"; };
		CBF55DAD1F8257AB00D08915 /* 2017-treasury.json */ = {isa = PBXFileReference; fileEncoding = 4; lastKnownFileType = text.json; name = "2017-treasury.json"; path = "Supporting Files/JSON/2017-treasury.json"; sourceTree = "<group>"; };
/* End PBXFileReference section */

/* Begin PBXFrameworksBuildPhase section */
		CB3B5DA71F823640009F2EAF /* Frameworks */ = {
			isa = PBXFrameworksBuildPhase;
			buildActionMask = 2147483647;
			files = (
				F0A033163EC055E46F1A313F /* Pods_Fort_Knox_Balance.framework in Frameworks */,
			);
			runOnlyForDeploymentPostprocessing = 0;
		};
		CB3B5DBB1F823641009F2EAF /* Frameworks */ = {
			isa = PBXFrameworksBuildPhase;
			buildActionMask = 2147483647;
			files = (
				D39C9F1F0AE6BDCBCED9E6A2 /* Pods_Fort_Knox_BalanceTests.framework in Frameworks */,
			);
			runOnlyForDeploymentPostprocessing = 0;
		};
		CB3B5DC61F823641009F2EAF /* Frameworks */ = {
			isa = PBXFrameworksBuildPhase;
			buildActionMask = 2147483647;
			files = (
				C5F73F181EF810FA25D3A5BF /* Pods_Fort_Knox_BalanceUITests.framework in Frameworks */,
			);
			runOnlyForDeploymentPostprocessing = 0;
		};
/* End PBXFrameworksBuildPhase section */

/* Begin PBXGroup section */
		8EB28C6FB8B007A28D49E1A1 /* Pods */ = {
			isa = PBXGroup;
			children = (
				2D883BF52E00999336CDDE35 /* Pods-Fort Knox Balance.debug.xcconfig */,
				0C67B830913BCFB1C36DB1FA /* Pods-Fort Knox Balance.release.xcconfig */,
				39A8B6A53CC188B43DB1AB28 /* Pods-Fort Knox BalanceTests.debug.xcconfig */,
				6D98BB9B66F7A06E88216D9D /* Pods-Fort Knox BalanceTests.release.xcconfig */,
				A62219E171FEC0BBE806C038 /* Pods-Fort Knox BalanceUITests.debug.xcconfig */,
				6D26705350350C1D8372B052 /* Pods-Fort Knox BalanceUITests.release.xcconfig */,
			);
			name = Pods;
			sourceTree = "<group>";
		};
		AA3038ECA5FD8EEB2592C680 /* Frameworks */ = {
			isa = PBXGroup;
			children = (
				AD8C2FDC3B1BEE6633694B92 /* Pods_Fort_Knox_Balance.framework */,
				5E959167E64545BD72C07447 /* Pods_Fort_Knox_BalanceTests.framework */,
				ACC51145E38D7F4DB4B284F6 /* Pods_Fort_Knox_BalanceUITests.framework */,
			);
			name = Frameworks;
			sourceTree = "<group>";
		};
		CB3B5DA11F823640009F2EAF = {
			isa = PBXGroup;
			children = (
				CB3B5DAC1F823640009F2EAF /* Fort Knox Balance */,
				CB3B5DC11F823641009F2EAF /* Fort Knox BalanceTests */,
				CB3B5DCC1F823641009F2EAF /* Fort Knox BalanceUITests */,
				CB3B5DAB1F823640009F2EAF /* Products */,
				8EB28C6FB8B007A28D49E1A1 /* Pods */,
				AA3038ECA5FD8EEB2592C680 /* Frameworks */,
			);
			sourceTree = "<group>";
		};
		CB3B5DAB1F823640009F2EAF /* Products */ = {
			isa = PBXGroup;
			children = (
				CB3B5DAA1F823640009F2EAF /* Fort Knox Balance.app */,
				CB3B5DBE1F823641009F2EAF /* Fort Knox BalanceTests.xctest */,
				CB3B5DC91F823641009F2EAF /* Fort Knox BalanceUITests.xctest */,
			);
			name = Products;
			sourceTree = "<group>";
		};
		CB3B5DAC1F823640009F2EAF /* Fort Knox Balance */ = {
			isa = PBXGroup;
			children = (
				CB3B5DAD1F823640009F2EAF /* AppDelegate.swift */,
				CB3B5DAF1F823640009F2EAF /* HomeViewController.swift */,
				CB3B5DB11F823641009F2EAF /* Main.storyboard */,
				CB3B5DB41F823641009F2EAF /* Assets.xcassets */,
				CB3B5DB61F823641009F2EAF /* LaunchScreen.storyboard */,
				CBF55DA41F8255C800D08915 /* Supporting Files */,
				CBF55DAA1F82579B00D08915 /* Info.plist */,
			);
			path = "Fort Knox Balance";
			sourceTree = "<group>";
		};
		CB3B5DC11F823641009F2EAF /* Fort Knox BalanceTests */ = {
			isa = PBXGroup;
			children = (
				CB3B5DC21F823641009F2EAF /* Fort_Knox_BalanceTests.swift */,
				CB3B5DC41F823641009F2EAF /* Info.plist */,
			);
			path = "Fort Knox BalanceTests";
			sourceTree = "<group>";
		};
		CB3B5DCC1F823641009F2EAF /* Fort Knox BalanceUITests */ = {
			isa = PBXGroup;
			children = (
				CB3B5DCD1F823641009F2EAF /* Fort_Knox_BalanceUITests.swift */,
				CB3B5DCF1F823641009F2EAF /* Info.plist */,
			);
			path = "Fort Knox BalanceUITests";
			sourceTree = "<group>";
		};
		CBF55DA41F8255C800D08915 /* Supporting Files */ = {
			isa = PBXGroup;
			children = (
				CBF55DA91F82575900D08915 /* JSON */,
				CBF55DA71F82563A00D08915 /* Localizable.strings */,
			);
			name = "Supporting Files";
			sourceTree = "<group>";
		};
		CBF55DA91F82575900D08915 /* JSON */ = {
			isa = PBXGroup;
			children = (
				CBF55DAC1F8257AB00D08915 /* 2016-treasury_1.json */,
				CBF55DAD1F8257AB00D08915 /* 2017-treasury.json */,
			);
			name = JSON;
			sourceTree = "<group>";
		};
/* End PBXGroup section */

/* Begin PBXNativeTarget section */
		CB3B5DA91F823640009F2EAF /* Fort Knox Balance */ = {
			isa = PBXNativeTarget;
			buildConfigurationList = CB3B5DD21F823641009F2EAF /* Build configuration list for PBXNativeTarget "Fort Knox Balance" */;
			buildPhases = (
				3D32D998B10E46DDC78AD1FB /* [CP] Check Pods Manifest.lock */,
				CB3B5DA61F823640009F2EAF /* Sources */,
				CB3B5DA71F823640009F2EAF /* Frameworks */,
				CB3B5DA81F823640009F2EAF /* Resources */,
				A09D656055B51FDC4D03754C /* [CP] Embed Pods Frameworks */,
				A5445BD74EEF09745EE762A4 /* [CP] Copy Pods Resources */,
			);
			buildRules = (
			);
			dependencies = (
			);
			name = "Fort Knox Balance";
			productName = "Fort Knox Balance";
			productReference = CB3B5DAA1F823640009F2EAF /* Fort Knox Balance.app */;
			productType = "com.apple.product-type.application";
		};
		CB3B5DBD1F823641009F2EAF /* Fort Knox BalanceTests */ = {
			isa = PBXNativeTarget;
			buildConfigurationList = CB3B5DD51F823641009F2EAF /* Build configuration list for PBXNativeTarget "Fort Knox BalanceTests" */;
			buildPhases = (
				AE515E88003A2AC272D9F91B /* [CP] Check Pods Manifest.lock */,
				CB3B5DBA1F823641009F2EAF /* Sources */,
				CB3B5DBB1F823641009F2EAF /* Frameworks */,
				CB3B5DBC1F823641009F2EAF /* Resources */,
				9CF6B005680D5A975AB7811F /* [CP] Embed Pods Frameworks */,
				738EBE6AB6B00A427F07D0F0 /* [CP] Copy Pods Resources */,
			);
			buildRules = (
			);
			dependencies = (
				CB3B5DC01F823641009F2EAF /* PBXTargetDependency */,
			);
			name = "Fort Knox BalanceTests";
			productName = "Fort Knox BalanceTests";
			productReference = CB3B5DBE1F823641009F2EAF /* Fort Knox BalanceTests.xctest */;
			productType = "com.apple.product-type.bundle.unit-test";
		};
		CB3B5DC81F823641009F2EAF /* Fort Knox BalanceUITests */ = {
			isa = PBXNativeTarget;
			buildConfigurationList = CB3B5DD81F823641009F2EAF /* Build configuration list for PBXNativeTarget "Fort Knox BalanceUITests" */;
			buildPhases = (
				FB688F8595B04C66D6A59AC4 /* [CP] Check Pods Manifest.lock */,
				CB3B5DC51F823641009F2EAF /* Sources */,
				CB3B5DC61F823641009F2EAF /* Frameworks */,
				CB3B5DC71F823641009F2EAF /* Resources */,
				D574B7E47FC2A3DDD24BBC05 /* [CP] Embed Pods Frameworks */,
				0B2C6A89CB4C31772EE07DA1 /* [CP] Copy Pods Resources */,
			);
			buildRules = (
			);
			dependencies = (
				CB3B5DCB1F823641009F2EAF /* PBXTargetDependency */,
			);
			name = "Fort Knox BalanceUITests";
			productName = "Fort Knox BalanceUITests";
			productReference = CB3B5DC91F823641009F2EAF /* Fort Knox BalanceUITests.xctest */;
			productType = "com.apple.product-type.bundle.ui-testing";
		};
/* End PBXNativeTarget section */

/* Begin PBXProject section */
		CB3B5DA21F823640009F2EAF /* Project object */ = {
			isa = PBXProject;
			attributes = {
				LastSwiftUpdateCheck = 0830;
				LastUpgradeCheck = 0830;
				ORGANIZATIONNAME = "Treasire Inc";
				TargetAttributes = {
					CB3B5DA91F823640009F2EAF = {
						CreatedOnToolsVersion = 8.3.3;
						DevelopmentTeam = TA2RGD8TL5;
						ProvisioningStyle = Automatic;
					};
					CB3B5DBD1F823641009F2EAF = {
						CreatedOnToolsVersion = 8.3.3;
						DevelopmentTeam = TA2RGD8TL5;
						ProvisioningStyle = Automatic;
						TestTargetID = CB3B5DA91F823640009F2EAF;
					};
					CB3B5DC81F823641009F2EAF = {
						CreatedOnToolsVersion = 8.3.3;
						DevelopmentTeam = TA2RGD8TL5;
						ProvisioningStyle = Automatic;
						TestTargetID = CB3B5DA91F823640009F2EAF;
					};
				};
			};
			buildConfigurationList = CB3B5DA51F823640009F2EAF /* Build configuration list for PBXProject "Fort Knox Balance" */;
			compatibilityVersion = "Xcode 3.2";
			developmentRegion = English;
			hasScannedForEncodings = 0;
			knownRegions = (
				en,
				Base,
				es,
			);
			mainGroup = CB3B5DA11F823640009F2EAF;
			productRefGroup = CB3B5DAB1F823640009F2EAF /* Products */;
			projectDirPath = "";
			projectRoot = "";
			targets = (
				CB3B5DA91F823640009F2EAF /* Fort Knox Balance */,
				CB3B5DBD1F823641009F2EAF /* Fort Knox BalanceTests */,
				CB3B5DC81F823641009F2EAF /* Fort Knox BalanceUITests */,
			);
		};
/* End PBXProject section */

/* Begin PBXResourcesBuildPhase section */
		CB3B5DA81F823640009F2EAF /* Resources */ = {
			isa = PBXResourcesBuildPhase;
			buildActionMask = 2147483647;
			files = (
				CB3B5DB81F823641009F2EAF /* LaunchScreen.storyboard in Resources */,
				CBF55DAE1F8257AB00D08915 /* 2016-treasury_1.json in Resources */,
				CBF55DAF1F8257AB00D08915 /* 2017-treasury.json in Resources */,
				CBF55DA51F82563A00D08915 /* Localizable.strings in Resources */,
				CB3B5DB51F823641009F2EAF /* Assets.xcassets in Resources */,
				CBF55DAB1F82579B00D08915 /* Info.plist in Resources */,
				CB3B5DB31F823641009F2EAF /* Main.storyboard in Resources */,
			);
			runOnlyForDeploymentPostprocessing = 0;
		};
		CB3B5DBC1F823641009F2EAF /* Resources */ = {
			isa = PBXResourcesBuildPhase;
			buildActionMask = 2147483647;
			files = (
			);
			runOnlyForDeploymentPostprocessing = 0;
		};
		CB3B5DC71F823641009F2EAF /* Resources */ = {
			isa = PBXResourcesBuildPhase;
			buildActionMask = 2147483647;
			files = (
			);
			runOnlyForDeploymentPostprocessing = 0;
		};
/* End PBXResourcesBuildPhase section */

/* Begin PBXShellScriptBuildPhase section */
		0B2C6A89CB4C31772EE07DA1 /* [CP] Copy Pods Resources */ = {
			isa = PBXShellScriptBuildPhase;
			buildActionMask = 2147483647;
			files = (
			);
			inputPaths = (
			);
			name = "[CP] Copy Pods Resources";
			outputPaths = (
			);
			runOnlyForDeploymentPostprocessing = 0;
			shellPath = /bin/sh;
			shellScript = "\"${SRCROOT}/Pods/Target Support Files/Pods-Fort Knox BalanceUITests/Pods-Fort Knox BalanceUITests-resources.sh\"\n";
			showEnvVarsInLog = 0;
		};
		3D32D998B10E46DDC78AD1FB /* [CP] Check Pods Manifest.lock */ = {
			isa = PBXShellScriptBuildPhase;
			buildActionMask = 2147483647;
			files = (
			);
			inputPaths = (
				"${PODS_PODFILE_DIR_PATH}/Podfile.lock",
				"${PODS_ROOT}/Manifest.lock",
			);
			name = "[CP] Check Pods Manifest.lock";
			outputPaths = (
				"$(DERIVED_FILE_DIR)/Pods-Fort Knox Balance-checkManifestLockResult.txt",
			);
			runOnlyForDeploymentPostprocessing = 0;
			shellPath = /bin/sh;
			shellScript = "diff \"${PODS_PODFILE_DIR_PATH}/Podfile.lock\" \"${PODS_ROOT}/Manifest.lock\" > /dev/null\nif [ $? != 0 ] ; then\n    # print error to STDERR\n    echo \"error: The sandbox is not in sync with the Podfile.lock. Run 'pod install' or update your CocoaPods installation.\" >&2\n    exit 1\nfi\n# This output is used by Xcode 'outputs' to avoid re-running this script phase.\necho \"SUCCESS\" > \"${SCRIPT_OUTPUT_FILE_0}\"\n";
			showEnvVarsInLog = 0;
		};
		738EBE6AB6B00A427F07D0F0 /* [CP] Copy Pods Resources */ = {
			isa = PBXShellScriptBuildPhase;
			buildActionMask = 2147483647;
			files = (
			);
			inputPaths = (
			);
			name = "[CP] Copy Pods Resources";
			outputPaths = (
			);
			runOnlyForDeploymentPostprocessing = 0;
			shellPath = /bin/sh;
			shellScript = "\"${SRCROOT}/Pods/Target Support Files/Pods-Fort Knox BalanceTests/Pods-Fort Knox BalanceTests-resources.sh\"\n";
			showEnvVarsInLog = 0;
		};
		9CF6B005680D5A975AB7811F /* [CP] Embed Pods Frameworks */ = {
			isa = PBXShellScriptBuildPhase;
			buildActionMask = 2147483647;
			files = (
			);
			inputPaths = (
			);
			name = "[CP] Embed Pods Frameworks";
			outputPaths = (
			);
			runOnlyForDeploymentPostprocessing = 0;
			shellPath = /bin/sh;
			shellScript = "\"${SRCROOT}/Pods/Target Support Files/Pods-Fort Knox BalanceTests/Pods-Fort Knox BalanceTests-frameworks.sh\"\n";
			showEnvVarsInLog = 0;
		};
		A09D656055B51FDC4D03754C /* [CP] Embed Pods Frameworks */ = {
			isa = PBXShellScriptBuildPhase;
			buildActionMask = 2147483647;
			files = (
			);
			inputPaths = (
				"${SRCROOT}/Pods/Target Support Files/Pods-Fort Knox Balance/Pods-Fort Knox Balance-frameworks.sh",
				"${BUILT_PRODUCTS_DIR}/Charts/Charts.framework",
				"${BUILT_PRODUCTS_DIR}/SwiftyJSON/SwiftyJSON.framework",
			);
			name = "[CP] Embed Pods Frameworks";
			outputPaths = (
				"${TARGET_BUILD_DIR}/${FRAMEWORKS_FOLDER_PATH}/Charts.framework",
				"${TARGET_BUILD_DIR}/${FRAMEWORKS_FOLDER_PATH}/SwiftyJSON.framework",
			);
			runOnlyForDeploymentPostprocessing = 0;
			shellPath = /bin/sh;
			shellScript = "\"${SRCROOT}/Pods/Target Support Files/Pods-Fort Knox Balance/Pods-Fort Knox Balance-frameworks.sh\"\n";
			showEnvVarsInLog = 0;
		};
		A5445BD74EEF09745EE762A4 /* [CP] Copy Pods Resources */ = {
			isa = PBXShellScriptBuildPhase;
			buildActionMask = 2147483647;
			files = (
			);
			inputPaths = (
			);
			name = "[CP] Copy Pods Resources";
			outputPaths = (
			);
			runOnlyForDeploymentPostprocessing = 0;
			shellPath = /bin/sh;
			shellScript = "\"${SRCROOT}/Pods/Target Support Files/Pods-Fort Knox Balance/Pods-Fort Knox Balance-resources.sh\"\n";
			showEnvVarsInLog = 0;
		};
		AE515E88003A2AC272D9F91B /* [CP] Check Pods Manifest.lock */ = {
			isa = PBXShellScriptBuildPhase;
			buildActionMask = 2147483647;
			files = (
			);
			inputPaths = (
				"${PODS_PODFILE_DIR_PATH}/Podfile.lock",
				"${PODS_ROOT}/Manifest.lock",
			);
			name = "[CP] Check Pods Manifest.lock";
			outputPaths = (
				"$(DERIVED_FILE_DIR)/Pods-Fort Knox BalanceTests-checkManifestLockResult.txt",
			);
			runOnlyForDeploymentPostprocessing = 0;
			shellPath = /bin/sh;
			shellScript = "diff \"${PODS_PODFILE_DIR_PATH}/Podfile.lock\" \"${PODS_ROOT}/Manifest.lock\" > /dev/null\nif [ $? != 0 ] ; then\n    # print error to STDERR\n    echo \"error: The sandbox is not in sync with the Podfile.lock. Run 'pod install' or update your CocoaPods installation.\" >&2\n    exit 1\nfi\n# This output is used by Xcode 'outputs' to avoid re-running this script phase.\necho \"SUCCESS\" > \"${SCRIPT_OUTPUT_FILE_0}\"\n";
			showEnvVarsInLog = 0;
		};
		D574B7E47FC2A3DDD24BBC05 /* [CP] Embed Pods Frameworks */ = {
			isa = PBXShellScriptBuildPhase;
			buildActionMask = 2147483647;
			files = (
			);
			inputPaths = (
			);
			name = "[CP] Embed Pods Frameworks";
			outputPaths = (
			);
			runOnlyForDeploymentPostprocessing = 0;
			shellPath = /bin/sh;
			shellScript = "\"${SRCROOT}/Pods/Target Support Files/Pods-Fort Knox BalanceUITests/Pods-Fort Knox BalanceUITests-frameworks.sh\"\n";
			showEnvVarsInLog = 0;
		};
		FB688F8595B04C66D6A59AC4 /* [CP] Check Pods Manifest.lock */ = {
			isa = PBXShellScriptBuildPhase;
			buildActionMask = 2147483647;
			files = (
			);
			inputPaths = (
				"${PODS_PODFILE_DIR_PATH}/Podfile.lock",
				"${PODS_ROOT}/Manifest.lock",
			);
			name = "[CP] Check Pods Manifest.lock";
			outputPaths = (
				"$(DERIVED_FILE_DIR)/Pods-Fort Knox BalanceUITests-checkManifestLockResult.txt",
			);
			runOnlyForDeploymentPostprocessing = 0;
			shellPath = /bin/sh;
			shellScript = "diff \"${PODS_PODFILE_DIR_PATH}/Podfile.lock\" \"${PODS_ROOT}/Manifest.lock\" > /dev/null\nif [ $? != 0 ] ; then\n    # print error to STDERR\n    echo \"error: The sandbox is not in sync with the Podfile.lock. Run 'pod install' or update your CocoaPods installation.\" >&2\n    exit 1\nfi\n# This output is used by Xcode 'outputs' to avoid re-running this script phase.\necho \"SUCCESS\" > \"${SCRIPT_OUTPUT_FILE_0}\"\n";
			showEnvVarsInLog = 0;
		};
/* End PBXShellScriptBuildPhase section */

/* Begin PBXSourcesBuildPhase section */
		CB3B5DA61F823640009F2EAF /* Sources */ = {
			isa = PBXSourcesBuildPhase;
			buildActionMask = 2147483647;
			files = (
				CB3B5DB01F823640009F2EAF /* HomeViewController.swift in Sources */,
				CB3B5DAE1F823640009F2EAF /* AppDelegate.swift in Sources */,
			);
			runOnlyForDeploymentPostprocessing = 0;
		};
		CB3B5DBA1F823641009F2EAF /* Sources */ = {
			isa = PBXSourcesBuildPhase;
			buildActionMask = 2147483647;
			files = (
				CB3B5DC31F823641009F2EAF /* Fort_Knox_BalanceTests.swift in Sources */,
			);
			runOnlyForDeploymentPostprocessing = 0;
		};
		CB3B5DC51F823641009F2EAF /* Sources */ = {
			isa = PBXSourcesBuildPhase;
			buildActionMask = 2147483647;
			files = (
				CB3B5DCE1F823641009F2EAF /* Fort_Knox_BalanceUITests.swift in Sources */,
			);
			runOnlyForDeploymentPostprocessing = 0;
		};
/* End PBXSourcesBuildPhase section */

/* Begin PBXTargetDependency section */
		CB3B5DC01F823641009F2EAF /* PBXTargetDependency */ = {
			isa = PBXTargetDependency;
			target = CB3B5DA91F823640009F2EAF /* Fort Knox Balance */;
			targetProxy = CB3B5DBF1F823641009F2EAF /* PBXContainerItemProxy */;
		};
		CB3B5DCB1F823641009F2EAF /* PBXTargetDependency */ = {
			isa = PBXTargetDependency;
			target = CB3B5DA91F823640009F2EAF /* Fort Knox Balance */;
			targetProxy = CB3B5DCA1F823641009F2EAF /* PBXContainerItemProxy */;
		};
/* End PBXTargetDependency section */

/* Begin PBXVariantGroup section */
		CB3B5DB11F823641009F2EAF /* Main.storyboard */ = {
			isa = PBXVariantGroup;
			children = (
				CB3B5DB21F823641009F2EAF /* Base */,
			);
			name = Main.storyboard;
			sourceTree = "<group>";
		};
		CB3B5DB61F823641009F2EAF /* LaunchScreen.storyboard */ = {
			isa = PBXVariantGroup;
			children = (
				CB3B5DB71F823641009F2EAF /* Base */,
			);
			name = LaunchScreen.storyboard;
			sourceTree = "<group>";
		};
		CBF55DA71F82563A00D08915 /* Localizable.strings */ = {
			isa = PBXVariantGroup;
			children = (
				CBF55DA61F82563A00D08915 /* en */,
				CBF55DA81F82566A00D08915 /* es */,
			);
			name = Localizable.strings;
			path = "Supporting Files";
			sourceTree = "<group>";
		};
/* End PBXVariantGroup section */

/* Begin XCBuildConfiguration section */
		CB3B5DD01F823641009F2EAF /* Debug */ = {
			isa = XCBuildConfiguration;
			buildSettings = {
				ALWAYS_SEARCH_USER_PATHS = NO;
				CLANG_ANALYZER_LOCALIZABILITY_NONLOCALIZED = YES;
				CLANG_ANALYZER_NONNULL = YES;
				CLANG_ANALYZER_NUMBER_OBJECT_CONVERSION = YES_AGGRESSIVE;
				CLANG_CXX_LANGUAGE_STANDARD = "gnu++0x";
				CLANG_CXX_LIBRARY = "libc++";
				CLANG_ENABLE_MODULES = YES;
				CLANG_ENABLE_OBJC_ARC = YES;
				CLANG_WARN_BOOL_CONVERSION = YES;
				CLANG_WARN_CONSTANT_CONVERSION = YES;
				CLANG_WARN_DIRECT_OBJC_ISA_USAGE = YES_ERROR;
				CLANG_WARN_DOCUMENTATION_COMMENTS = YES;
				CLANG_WARN_EMPTY_BODY = YES;
				CLANG_WARN_ENUM_CONVERSION = YES;
				CLANG_WARN_INFINITE_RECURSION = YES;
				CLANG_WARN_INT_CONVERSION = YES;
				CLANG_WARN_OBJC_ROOT_CLASS = YES_ERROR;
				CLANG_WARN_SUSPICIOUS_MOVE = YES;
				CLANG_WARN_UNREACHABLE_CODE = YES;
				CLANG_WARN__DUPLICATE_METHOD_MATCH = YES;
				"CODE_SIGN_IDENTITY[sdk=iphoneos*]" = "iPhone Developer";
				COPY_PHASE_STRIP = NO;
				DEBUG_INFORMATION_FORMAT = dwarf;
				ENABLE_STRICT_OBJC_MSGSEND = YES;
				ENABLE_TESTABILITY = YES;
				GCC_C_LANGUAGE_STANDARD = gnu99;
				GCC_DYNAMIC_NO_PIC = NO;
				GCC_NO_COMMON_BLOCKS = YES;
				GCC_OPTIMIZATION_LEVEL = 0;
				GCC_PREPROCESSOR_DEFINITIONS = (
					"DEBUG=1",
					"$(inherited)",
				);
				GCC_WARN_64_TO_32_BIT_CONVERSION = YES;
				GCC_WARN_ABOUT_RETURN_TYPE = YES_ERROR;
				GCC_WARN_UNDECLARED_SELECTOR = YES;
				GCC_WARN_UNINITIALIZED_AUTOS = YES_AGGRESSIVE;
				GCC_WARN_UNUSED_FUNCTION = YES;
				GCC_WARN_UNUSED_VARIABLE = YES;
				IPHONEOS_DEPLOYMENT_TARGET = 10.3;
				MTL_ENABLE_DEBUG_INFO = YES;
				ONLY_ACTIVE_ARCH = YES;
				SDKROOT = iphoneos;
				SWIFT_ACTIVE_COMPILATION_CONDITIONS = DEBUG;
				SWIFT_OPTIMIZATION_LEVEL = "-Onone";
				TARGETED_DEVICE_FAMILY = "1,2";
			};
			name = Debug;
		};
		CB3B5DD11F823641009F2EAF /* Release */ = {
			isa = XCBuildConfiguration;
			buildSettings = {
				ALWAYS_SEARCH_USER_PATHS = NO;
				CLANG_ANALYZER_LOCALIZABILITY_NONLOCALIZED = YES;
				CLANG_ANALYZER_NONNULL = YES;
				CLANG_ANALYZER_NUMBER_OBJECT_CONVERSION = YES_AGGRESSIVE;
				CLANG_CXX_LANGUAGE_STANDARD = "gnu++0x";
				CLANG_CXX_LIBRARY = "libc++";
				CLANG_ENABLE_MODULES = YES;
				CLANG_ENABLE_OBJC_ARC = YES;
				CLANG_WARN_BOOL_CONVERSION = YES;
				CLANG_WARN_CONSTANT_CONVERSION = YES;
				CLANG_WARN_DIRECT_OBJC_ISA_USAGE = YES_ERROR;
				CLANG_WARN_DOCUMENTATION_COMMENTS = YES;
				CLANG_WARN_EMPTY_BODY = YES;
				CLANG_WARN_ENUM_CONVERSION = YES;
				CLANG_WARN_INFINITE_RECURSION = YES;
				CLANG_WARN_INT_CONVERSION = YES;
				CLANG_WARN_OBJC_ROOT_CLASS = YES_ERROR;
				CLANG_WARN_SUSPICIOUS_MOVE = YES;
				CLANG_WARN_UNREACHABLE_CODE = YES;
				CLANG_WARN__DUPLICATE_METHOD_MATCH = YES;
				"CODE_SIGN_IDENTITY[sdk=iphoneos*]" = "iPhone Developer";
				COPY_PHASE_STRIP = NO;
				DEBUG_INFORMATION_FORMAT = "dwarf-with-dsym";
				ENABLE_NS_ASSERTIONS = NO;
				ENABLE_STRICT_OBJC_MSGSEND = YES;
				GCC_C_LANGUAGE_STANDARD = gnu99;
				GCC_NO_COMMON_BLOCKS = YES;
				GCC_WARN_64_TO_32_BIT_CONVERSION = YES;
				GCC_WARN_ABOUT_RETURN_TYPE = YES_ERROR;
				GCC_WARN_UNDECLARED_SELECTOR = YES;
				GCC_WARN_UNINITIALIZED_AUTOS = YES_AGGRESSIVE;
				GCC_WARN_UNUSED_FUNCTION = YES;
				GCC_WARN_UNUSED_VARIABLE = YES;
				IPHONEOS_DEPLOYMENT_TARGET = 10.3;
				MTL_ENABLE_DEBUG_INFO = NO;
				SDKROOT = iphoneos;
				SWIFT_OPTIMIZATION_LEVEL = "-Owholemodule";
				TARGETED_DEVICE_FAMILY = "1,2";
				VALIDATE_PRODUCT = YES;
			};
			name = Release;
		};
		CB3B5DD31F823641009F2EAF /* Debug */ = {
			isa = XCBuildConfiguration;
			baseConfigurationReference = 2D883BF52E00999336CDDE35 /* Pods-Fort Knox Balance.debug.xcconfig */;
			buildSettings = {
				ASSETCATALOG_COMPILER_APPICON_NAME = AppIcon;
				DEVELOPMENT_TEAM = TA2RGD8TL5;
				INFOPLIST_FILE = "Fort Knox Balance/Supporting Files/Info.plist";
				IPHONEOS_DEPLOYMENT_TARGET = 9.0;
				LD_RUNPATH_SEARCH_PATHS = "$(inherited) @executable_path/Frameworks";
				PRODUCT_BUNDLE_IDENTIFIER = "com.fortknox.balance.Fort-Knox-Balance";
				PRODUCT_NAME = "$(TARGET_NAME)";
				SWIFT_VERSION = 3.0;
			};
			name = Debug;
		};
		CB3B5DD41F823641009F2EAF /* Release */ = {
			isa = XCBuildConfiguration;
			baseConfigurationReference = 0C67B830913BCFB1C36DB1FA /* Pods-Fort Knox Balance.release.xcconfig */;
			buildSettings = {
				ASSETCATALOG_COMPILER_APPICON_NAME = AppIcon;
				DEVELOPMENT_TEAM = TA2RGD8TL5;
				INFOPLIST_FILE = "Fort Knox Balance/Supporting Files/Info.plist";
				IPHONEOS_DEPLOYMENT_TARGET = 9.0;
				LD_RUNPATH_SEARCH_PATHS = "$(inherited) @executable_path/Frameworks";
				PRODUCT_BUNDLE_IDENTIFIER = "com.fortknox.balance.Fort-Knox-Balance";
				PRODUCT_NAME = "$(TARGET_NAME)";
				SWIFT_VERSION = 3.0;
			};
			name = Release;
		};
		CB3B5DD61F823641009F2EAF /* Debug */ = {
			isa = XCBuildConfiguration;
			baseConfigurationReference = 39A8B6A53CC188B43DB1AB28 /* Pods-Fort Knox BalanceTests.debug.xcconfig */;
			buildSettings = {
				ALWAYS_EMBED_SWIFT_STANDARD_LIBRARIES = YES;
				BUNDLE_LOADER = "$(TEST_HOST)";
				DEVELOPMENT_TEAM = TA2RGD8TL5;
				INFOPLIST_FILE = "Fort Knox BalanceTests/Info.plist";
				LD_RUNPATH_SEARCH_PATHS = "$(inherited) @executable_path/Frameworks @loader_path/Frameworks";
				PRODUCT_BUNDLE_IDENTIFIER = "com.fortknox.balance.Fort-Knox-BalanceTests";
				PRODUCT_NAME = "$(TARGET_NAME)";
				SWIFT_VERSION = 3.0;
				TEST_HOST = "$(BUILT_PRODUCTS_DIR)/Fort Knox Balance.app/Fort Knox Balance";
			};
			name = Debug;
		};
		CB3B5DD71F823641009F2EAF /* Release */ = {
			isa = XCBuildConfiguration;
			baseConfigurationReference = 6D98BB9B66F7A06E88216D9D /* Pods-Fort Knox BalanceTests.release.xcconfig */;
			buildSettings = {
				ALWAYS_EMBED_SWIFT_STANDARD_LIBRARIES = YES;
				BUNDLE_LOADER = "$(TEST_HOST)";
				DEVELOPMENT_TEAM = TA2RGD8TL5;
				INFOPLIST_FILE = "Fort Knox BalanceTests/Info.plist";
				LD_RUNPATH_SEARCH_PATHS = "$(inherited) @executable_path/Frameworks @loader_path/Frameworks";
				PRODUCT_BUNDLE_IDENTIFIER = "com.fortknox.balance.Fort-Knox-BalanceTests";
				PRODUCT_NAME = "$(TARGET_NAME)";
				SWIFT_VERSION = 3.0;
				TEST_HOST = "$(BUILT_PRODUCTS_DIR)/Fort Knox Balance.app/Fort Knox Balance";
			};
			name = Release;
		};
		CB3B5DD91F823641009F2EAF /* Debug */ = {
			isa = XCBuildConfiguration;
			baseConfigurationReference = A62219E171FEC0BBE806C038 /* Pods-Fort Knox BalanceUITests.debug.xcconfig */;
			buildSettings = {
				ALWAYS_EMBED_SWIFT_STANDARD_LIBRARIES = YES;
				DEVELOPMENT_TEAM = TA2RGD8TL5;
				INFOPLIST_FILE = "Fort Knox BalanceUITests/Info.plist";
				LD_RUNPATH_SEARCH_PATHS = "$(inherited) @executable_path/Frameworks @loader_path/Frameworks";
				PRODUCT_BUNDLE_IDENTIFIER = "com.fortknox.balance.Fort-Knox-BalanceUITests";
				PRODUCT_NAME = "$(TARGET_NAME)";
				SWIFT_VERSION = 3.0;
				TEST_TARGET_NAME = "Fort Knox Balance";
			};
			name = Debug;
		};
		CB3B5DDA1F823641009F2EAF /* Release */ = {
			isa = XCBuildConfiguration;
			baseConfigurationReference = 6D26705350350C1D8372B052 /* Pods-Fort Knox BalanceUITests.release.xcconfig */;
			buildSettings = {
				ALWAYS_EMBED_SWIFT_STANDARD_LIBRARIES = YES;
				DEVELOPMENT_TEAM = TA2RGD8TL5;
				INFOPLIST_FILE = "Fort Knox BalanceUITests/Info.plist";
				LD_RUNPATH_SEARCH_PATHS = "$(inherited) @executable_path/Frameworks @loader_path/Frameworks";
				PRODUCT_BUNDLE_IDENTIFIER = "com.fortknox.balance.Fort-Knox-BalanceUITests";
				PRODUCT_NAME = "$(TARGET_NAME)";
				SWIFT_VERSION = 3.0;
				TEST_TARGET_NAME = "Fort Knox Balance";
			};
			name = Release;
		};
/* End XCBuildConfiguration section */

/* Begin XCConfigurationList section */
		CB3B5DA51F823640009F2EAF /* Build configuration list for PBXProject "Fort Knox Balance" */ = {
			isa = XCConfigurationList;
			buildConfigurations = (
				CB3B5DD01F823641009F2EAF /* Debug */,
				CB3B5DD11F823641009F2EAF /* Release */,
			);
			defaultConfigurationIsVisible = 0;
			defaultConfigurationName = Release;
		};
		CB3B5DD21F823641009F2EAF /* Build configuration list for PBXNativeTarget "Fort Knox Balance" */ = {
			isa = XCConfigurationList;
			buildConfigurations = (
				CB3B5DD31F823641009F2EAF /* Debug */,
				CB3B5DD41F823641009F2EAF /* Release */,
			);
			defaultConfigurationIsVisible = 0;
			defaultConfigurationName = Release;
		};
		CB3B5DD51F823641009F2EAF /* Build configuration list for PBXNativeTarget "Fort Knox BalanceTests" */ = {
			isa = XCConfigurationList;
			buildConfigurations = (
				CB3B5DD61F823641009F2EAF /* Debug */,
				CB3B5DD71F823641009F2EAF /* Release */,
			);
			defaultConfigurationIsVisible = 0;
			defaultConfigurationName = Release;
		};
		CB3B5DD81F823641009F2EAF /* Build configuration list for PBXNativeTarget "Fort Knox BalanceUITests" */ = {
			isa = XCConfigurationList;
			buildConfigurations = (
				CB3B5DD91F823641009F2EAF /* Debug */,
				CB3B5DDA1F823641009F2EAF /* Release */,
			);
			defaultConfigurationIsVisible = 0;
			defaultConfigurationName = Release;
		};
/* End XCConfigurationList section */
	};
	rootObject = CB3B5DA21F823640009F2EAF /* Project object */;
}
